# This file is automatically @generated by Cargo.
# It is not intended for manual editing.
version = 4

[[package]]
name = "hello_world"
version = "0.1.0"

[[package]]
name = "lesson_1_lesson_5"
version = "0.1.0"

[[package]]
name = "lesson_2_variable_constants"
version = "0.1.0"

[[package]]
name = "lesson_3_data-types"
version = "0.1.0"

[[package]]
name = "lesson_4_function"
version = "0.1.0"

[[package]]
name = "lesson_5_control_flow"
version = "0.1.0"
